
Microsoft Visual Studio Solution File, Format Version 12.00
# Visual Studio Version 16
VisualStudioVersion = 16.0.30717.126
MinimumVisualStudioVersion = 10.0.40219.1
Project("{FAE04EC0-301F-11D3-BF4B-00C04F79EFBC}") = "W4_Lecture1_practice", "W4_Lecture1_practice\W4_Lecture1_practice.csproj", "{A2D0A8D9-9895-4B00-B17E-EFDDA6BA18F0}"
EndProject
Global
	GlobalSection(SolutionConfigurationPlatforms) = preSolution
		Debug|Any CPU = Debug|Any CPU
		Release|Any CPU = Release|Any CPU
	EndGlobalSection
	GlobalSection(ProjectConfigurationPlatforms) = postSolution
		{A2D0A8D9-9895-4B00-B17E-EFDDA6BA18F0}.Debug|Any CPU.ActiveCfg = Debug|Any CPU
		{A2D0A8D9-9895-4B00-B17E-EFDDA6BA18F0}.Debug|Any CPU.Build.0 = Debug|Any CPU
		{A2D0A8D9-9895-4B00-B17E-EFDDA6BA18F0}.Release|Any CPU.ActiveCfg = Release|Any CPU
		{A2D0A8D9-9895-4B00-B17E-EFDDA6BA18F0}.Release|Any CPU.Build.0 = Release|Any CPU
	EndGlobalSection
	GlobalSection(SolutionProperties) = preSolution
		HideSolutionNode = FALSE
	EndGlobalSection
	GlobalSection(ExtensibilityGlobals) = postSolution
		SolutionGuid = {5779313D-EB8E-4102-986B-2E2523937DD0}
	EndGlobalSection
EndGlobal
